
Microsoft Visual Studio Solution File, Format Version 12.00
# Visual Studio 2013
VisualStudioVersion = 12.0.21005.1
MinimumVisualStudioVersion = 10.0.40219.1
Project("{FAE04EC0-301F-11D3-BF4B-00C04F79EFBC}") = "REDTCONS", "REDTCONS.csproj", "{843487B6-8BD4-48C1-B5DD-1AB953F22343}"
EndProject
Global
	GlobalSection(SolutionConfigurationPlatforms) = preSolution
		Debug|Any CPU = Debug|Any CPU
		Release|Any CPU = Release|Any CPU
	EndGlobalSection
	GlobalSection(ProjectConfigurationPlatforms) = postSolution
		{843487B6-8BD4-48C1-B5DD-1AB953F22343}.Debug|Any CPU.ActiveCfg = Debug|Any CPU
		{843487B6-8BD4-48C1-B5DD-1AB953F22343}.Debug|Any CPU.Build.0 = Debug|Any CPU
		{843487B6-8BD4-48C1-B5DD-1AB953F22343}.Release|Any CPU.ActiveCfg = Release|Any CPU
		{843487B6-8BD4-48C1-B5DD-1AB953F22343}.Release|Any CPU.Build.0 = Release|Any CPU
	EndGlobalSection
	GlobalSection(SolutionProperties) = preSolution
		HideSolutionNode = FALSE
	EndGlobalSection
EndGlobal
